
Microsoft Visual Studio Solution File, Format Version 12.00
# Visual Studio Version 17
VisualStudioVersion = 17.14.36616.10
MinimumVisualStudioVersion = 10.0.40219.1
Project("{2150E333-8FDC-42A3-9474-1A3956D46DE8}") = "src", "src", "{02EA681E-C7D8-13C7-8484-4AC65E1B71E8}"
EndProject
Project("{FAE04EC0-301F-11D3-BF4B-00C04F79EFBC}") = "TeknikServis.Domain", "TeknikServis.Domain\TeknikServis.Domain.csproj", "{ABE6E04E-F1BF-4B99-9A99-7C95EA0E6B41}"
EndProject
Project("{FAE04EC0-301F-11D3-BF4B-00C04F79EFBC}") = "TeknikServis.Application", "TeknikServis.Application\TeknikServis.Application.csproj", "{B45C63A4-3191-407B-843D-F2481EE193E8}"
EndProject
Project("{FAE04EC0-301F-11D3-BF4B-00C04F79EFBC}") = "TeknikServis.Infrastructure", "TeknikServis.Infrastructure\TeknikServis.Infrastructure.csproj", "{97A78574-9A6C-42A0-961F-F4779063EDF6}"
EndProject
Project("{FAE04EC0-301F-11D3-BF4B-00C04F79EFBC}") = "TeknikServis.Web", "TeknikServis.Web\TeknikServis.Web.csproj", "{4009F9F6-C96A-4391-84AE-B634A6F66494}"
EndProject
Global
	GlobalSection(SolutionConfigurationPlatforms) = preSolution
		Debug|Any CPU = Debug|Any CPU
		Release|Any CPU = Release|Any CPU
	EndGlobalSection
	GlobalSection(ProjectConfigurationPlatforms) = postSolution
		{ABE6E04E-F1BF-4B99-9A99-7C95EA0E6B41}.Debug|Any CPU.ActiveCfg = Debug|Any CPU
		{ABE6E04E-F1BF-4B99-9A99-7C95EA0E6B41}.Debug|Any CPU.Build.0 = Debug|Any CPU
		{ABE6E04E-F1BF-4B99-9A99-7C95EA0E6B41}.Release|Any CPU.ActiveCfg = Release|Any CPU
		{ABE6E04E-F1BF-4B99-9A99-7C95EA0E6B41}.Release|Any CPU.Build.0 = Release|Any CPU
		{B45C63A4-3191-407B-843D-F2481EE193E8}.Debug|Any CPU.ActiveCfg = Debug|Any CPU
		{B45C63A4-3191-407B-843D-F2481EE193E8}.Debug|Any CPU.Build.0 = Debug|Any CPU
		{B45C63A4-3191-407B-843D-F2481EE193E8}.Release|Any CPU.ActiveCfg = Release|Any CPU
		{B45C63A4-3191-407B-843D-F2481EE193E8}.Release|Any CPU.Build.0 = Release|Any CPU
		{97A78574-9A6C-42A0-961F-F4779063EDF6}.Debug|Any CPU.ActiveCfg = Debug|Any CPU
		{97A78574-9A6C-42A0-961F-F4779063EDF6}.Debug|Any CPU.Build.0 = Debug|Any CPU
		{97A78574-9A6C-42A0-961F-F4779063EDF6}.Release|Any CPU.ActiveCfg = Release|Any CPU
		{97A78574-9A6C-42A0-961F-F4779063EDF6}.Release|Any CPU.Build.0 = Release|Any CPU
		{4009F9F6-C96A-4391-84AE-B634A6F66494}.Debug|Any CPU.ActiveCfg = Debug|Any CPU
		{4009F9F6-C96A-4391-84AE-B634A6F66494}.Debug|Any CPU.Build.0 = Debug|Any CPU
		{4009F9F6-C96A-4391-84AE-B634A6F66494}.Release|Any CPU.ActiveCfg = Release|Any CPU
		{4009F9F6-C96A-4391-84AE-B634A6F66494}.Release|Any CPU.Build.0 = Release|Any CPU
	EndGlobalSection
	GlobalSection(SolutionProperties) = preSolution
		HideSolutionNode = FALSE
	EndGlobalSection
	GlobalSection(NestedProjects) = preSolution
		{ABE6E04E-F1BF-4B99-9A99-7C95EA0E6B41} = {02EA681E-C7D8-13C7-8484-4AC65E1B71E8}
		{B45C63A4-3191-407B-843D-F2481EE193E8} = {02EA681E-C7D8-13C7-8484-4AC65E1B71E8}
		{97A78574-9A6C-42A0-961F-F4779063EDF6} = {02EA681E-C7D8-13C7-8484-4AC65E1B71E8}
		{4009F9F6-C96A-4391-84AE-B634A6F66494} = {02EA681E-C7D8-13C7-8484-4AC65E1B71E8}
	EndGlobalSection
	GlobalSection(ExtensibilityGlobals) = postSolution
		SolutionGuid = {8486601B-B0C8-43D0-B7FB-A6C5CE093AA7}
	EndGlobalSection
EndGlobal
